
Microsoft Visual Studio Solution File, Format Version 12.00
# Visual Studio Version 16
VisualStudioVersion = 16.0.810.9
MinimumVisualStudioVersion = 10.0.40219.1
Project("{FAE04EC0-301F-11D3-BF4B-00C04F79EFBC}") = "BestBuyBestPractices", "BestBuyBestPractices\BestBuyBestPractices.csproj", "{5B8E4BDD-96AD-4D4D-8153-7B9FA281B36D}"
EndProject
Global
	GlobalSection(SolutionConfigurationPlatforms) = preSolution
		Debug|Any CPU = Debug|Any CPU
		Release|Any CPU = Release|Any CPU
	EndGlobalSection
	GlobalSection(ProjectConfigurationPlatforms) = postSolution
		{5B8E4BDD-96AD-4D4D-8153-7B9FA281B36D}.Debug|Any CPU.ActiveCfg = Debug|Any CPU
		{5B8E4BDD-96AD-4D4D-8153-7B9FA281B36D}.Debug|Any CPU.Build.0 = Debug|Any CPU
		{5B8E4BDD-96AD-4D4D-8153-7B9FA281B36D}.Release|Any CPU.ActiveCfg = Release|Any CPU
		{5B8E4BDD-96AD-4D4D-8153-7B9FA281B36D}.Release|Any CPU.Build.0 = Release|Any CPU
	EndGlobalSection
	GlobalSection(SolutionProperties) = preSolution
		HideSolutionNode = FALSE
	EndGlobalSection
	GlobalSection(ExtensibilityGlobals) = postSolution
		SolutionGuid = {7F5D40EC-8298-45BF-BBA7-9AFA014B9C8B}
	EndGlobalSection
EndGlobal
